# generated by rye
# use `rye lock` or `rye sync` to update this lockfile
#
# last locked with the following flags:
#   pre: false
#   features: []
#   all-features: false
#   with-sources: false

-e file:.
affine==2.4.0
    # via gridfinder
    # via rasterio
anyio==4.3.0
    # via httpx
    # via jupyter-server
appnope==0.1.4
    # via ipykernel
argon2-cffi==23.1.0
    # via jupyter-server
argon2-cffi-bindings==21.2.0
    # via argon2-cffi
arrow==1.3.0
    # via isoduration
asttokens==2.4.1
    # via stack-data
async-lru==2.0.4
    # via jupyterlab
attrs==23.2.0
    # via fiona
    # via jsonschema
    # via rasterio
    # via referencing
babel==2.14.0
    # via jupyterlab-server
beautifulsoup4==4.12.3
    # via nbconvert
bleach==6.1.0
    # via nbconvert
branca==0.7.1
    # via folium
certifi==2024.2.2
    # via fiona
    # via httpcore
    # via httpx
    # via pyproj
    # via rasterio
    # via requests
cffi==1.16.0
    # via argon2-cffi-bindings
charset-normalizer==3.3.2
    # via requests
click==8.1.7
    # via click-plugins
    # via cligj
    # via fiona
    # via gridfinder
    # via rasterio
click-plugins==1.1.1
    # via fiona
    # via rasterio
cligj==0.7.2
    # via fiona
    # via rasterio
comm==0.2.2
    # via ipykernel
contourpy==1.2.1
    # via matplotlib
cycler==0.12.1
    # via matplotlib
debugpy==1.8.1
    # via ipykernel
decorator==5.1.1
    # via ipython
defusedxml==0.7.1
    # via nbconvert
descartes==1.1.0
executing==2.0.1
    # via stack-data
fastjsonschema==2.19.1
    # via nbformat
fiona==1.9.6
    # via geopandas
    # via gridfinder
folium==0.16.0
fonttools==4.51.0
    # via matplotlib
fqdn==1.5.1
    # via jsonschema
geopandas==0.14.3
    # via gridfinder
h11==0.14.0
    # via httpcore
httpcore==1.0.5
    # via httpx
httpx==0.27.0
    # via jupyterlab
idna==3.7
    # via anyio
    # via httpx
    # via jsonschema
    # via requests
imageio==2.34.0
    # via scikit-image
iniconfig==2.0.0
    # via pytest
ipykernel==6.29.4
    # via jupyterlab
ipython==8.23.0
    # via ipykernel
isoduration==20.11.0
    # via jsonschema
jedi==0.19.1
    # via ipython
jinja2==3.1.3
    # via branca
    # via folium
    # via jupyter-server
    # via jupyterlab
    # via jupyterlab-server
    # via nbconvert
json5==0.9.25
    # via jupyterlab-server
jsonpointer==2.4
    # via jsonschema
jsonschema==4.21.1
    # via jupyter-events
    # via jupyterlab-server
    # via nbformat
jsonschema-specifications==2023.12.1
    # via jsonschema
jupyter-client==8.6.1
    # via ipykernel
    # via jupyter-server
    # via nbclient
jupyter-core==5.7.2
    # via ipykernel
    # via jupyter-client
    # via jupyter-server
    # via jupyterlab
    # via nbclient
    # via nbconvert
    # via nbformat
jupyter-events==0.10.0
    # via jupyter-server
jupyter-lsp==2.2.5
    # via jupyterlab
jupyter-server==2.14.0
    # via jupyter-lsp
    # via jupyterlab
    # via jupyterlab-server
    # via notebook-shim
jupyter-server-terminals==0.5.3
    # via jupyter-server
jupyterlab==4.1.6
jupyterlab-pygments==0.3.0
    # via nbconvert
jupyterlab-server==2.26.0
    # via jupyterlab
kiwisolver==1.4.5
    # via matplotlib
lazy-loader==0.4
    # via scikit-image
llvmlite==0.42.0
    # via numba
markupsafe==2.1.5
    # via jinja2
    # via nbconvert
matplotlib==3.8.4
    # via descartes
    # via seaborn
matplotlib-inline==0.1.7
    # via ipykernel
    # via ipython
mistune==3.0.2
    # via nbconvert
nbclient==0.10.0
    # via nbconvert
nbconvert==7.16.3
    # via jupyter-server
nbformat==5.10.4
    # via jupyter-server
    # via nbclient
    # via nbconvert
nest-asyncio==1.6.0
    # via ipykernel
networkx==3.3
    # via scikit-image
nodeenv==1.8.0
    # via pyright
notebook-shim==0.2.4
    # via jupyterlab
numba==0.59.1
    # via gridfinder
numpy==1.26.4
    # via contourpy
    # via folium
    # via gridfinder
    # via imageio
    # via matplotlib
    # via numba
    # via pandas
    # via pyarrow
    # via rasterio
    # via scikit-image
    # via scipy
    # via seaborn
    # via shapely
    # via snuggs
    # via tifffile
overrides==7.7.0
    # via jupyter-server
packaging==24.0
    # via geopandas
    # via ipykernel
    # via jupyter-server
    # via jupyterlab
    # via jupyterlab-server
    # via lazy-loader
    # via matplotlib
    # via nbconvert
    # via pytest
    # via scikit-image
pandas==2.2.2
    # via geopandas
    # via gridfinder
    # via seaborn
pandocfilters==1.5.1
    # via nbconvert
parso==0.8.4
    # via jedi
pexpect==4.9.0
    # via ipython
pillow==10.3.0
    # via gridfinder
    # via imageio
    # via matplotlib
    # via scikit-image
platformdirs==4.2.0
    # via jupyter-core
pluggy==1.4.0
    # via pytest
prometheus-client==0.20.0
    # via jupyter-server
prompt-toolkit==3.0.43
    # via ipython
psutil==5.9.8
    # via ipykernel
ptyprocess==0.7.0
    # via pexpect
    # via terminado
pure-eval==0.2.2
    # via stack-data
pyarrow==15.0.2
    # via gridfinder
pycparser==2.22
    # via cffi
pygments==2.17.2
    # via ipython
    # via nbconvert
pyparsing==3.1.2
    # via matplotlib
    # via snuggs
pyproj==3.6.1
    # via geopandas
    # via gridfinder
pyright==1.1.358
pytest==8.1.1
python-dateutil==2.9.0.post0
    # via arrow
    # via jupyter-client
    # via matplotlib
    # via pandas
python-json-logger==2.0.7
    # via jupyter-events
pytz==2024.1
    # via pandas
pyyaml==6.0.1
    # via jupyter-events
pyzmq==26.0.0
    # via ipykernel
    # via jupyter-client
    # via jupyter-server
rasterio==1.3.10
    # via gridfinder
referencing==0.34.0
    # via jsonschema
    # via jsonschema-specifications
    # via jupyter-events
requests==2.31.0
    # via folium
    # via jupyterlab-server
rfc3339-validator==0.1.4
    # via jsonschema
    # via jupyter-events
rfc3986-validator==0.1.1
    # via jsonschema
    # via jupyter-events
rpds-py==0.18.0
    # via jsonschema
    # via referencing
rtree==1.2.0
    # via gridfinder
ruff==0.3.7
scikit-image==0.23.1
    # via gridfinder
scipy==1.13.0
    # via gridfinder
    # via scikit-image
seaborn==0.13.2
send2trash==1.8.3
    # via jupyter-server
setuptools==69.5.1
    # via nodeenv
    # via rasterio
shapely==2.0.3
    # via geopandas
    # via gridfinder
six==1.16.0
    # via asttokens
    # via bleach
    # via fiona
    # via python-dateutil
    # via rfc3339-validator
sniffio==1.3.1
    # via anyio
    # via httpx
snuggs==1.4.7
    # via rasterio
soupsieve==2.5
    # via beautifulsoup4
stack-data==0.6.3
    # via ipython
terminado==0.18.1
    # via jupyter-server
    # via jupyter-server-terminals
tifffile==2024.2.12
    # via scikit-image
tinycss2==1.2.1
    # via nbconvert
tornado==6.4
    # via ipykernel
    # via jupyter-client
    # via jupyter-server
    # via jupyterlab
    # via terminado
traitlets==5.14.2
    # via comm
    # via ipykernel
    # via ipython
    # via jupyter-client
    # via jupyter-core
    # via jupyter-events
    # via jupyter-server
    # via jupyterlab
    # via matplotlib-inline
    # via nbclient
    # via nbconvert
    # via nbformat
types-python-dateutil==2.9.0.20240316
    # via arrow
tzdata==2024.1
    # via pandas
uri-template==1.3.0
    # via jsonschema
urllib3==2.2.1
    # via requests
wcwidth==0.2.13
    # via prompt-toolkit
webcolors==1.13
    # via jsonschema
webencodings==0.5.1
    # via bleach
    # via tinycss2
websocket-client==1.7.0
    # via jupyter-server
xyzservices==2024.4.0
    # via folium
